
Microsoft Visual Studio Solution File, Format Version 12.00
# Visual Studio Version 17
VisualStudioVersion = 17.7.34202.233
MinimumVisualStudioVersion = 10.0.40219.1
Project("{FAE04EC0-301F-11D3-BF4B-00C04F79EFBC}") = "EDF_Zenflex_Exporter", "EDF_Zenflex_Exporter.csproj", "{0BF7DA84-19EF-40D0-9355-2069E07CD7ED}"
EndProject
Global
	GlobalSection(SolutionConfigurationPlatforms) = preSolution
		Debug|Any CPU = Debug|Any CPU
		Release|Any CPU = Release|Any CPU
	EndGlobalSection
	GlobalSection(ProjectConfigurationPlatforms) = postSolution
		{0BF7DA84-19EF-40D0-9355-2069E07CD7ED}.Debug|Any CPU.ActiveCfg = Debug|Any CPU
		{0BF7DA84-19EF-40D0-9355-2069E07CD7ED}.Debug|Any CPU.Build.0 = Debug|Any CPU
		{0BF7DA84-19EF-40D0-9355-2069E07CD7ED}.Release|Any CPU.ActiveCfg = Release|Any CPU
		{0BF7DA84-19EF-40D0-9355-2069E07CD7ED}.Release|Any CPU.Build.0 = Release|Any CPU
	EndGlobalSection
	GlobalSection(SolutionProperties) = preSolution
		HideSolutionNode = FALSE
	EndGlobalSection
	GlobalSection(ExtensibilityGlobals) = postSolution
		SolutionGuid = {0B63D393-ACF5-4F24-9DCF-21DCD39B1F3E}
	EndGlobalSection
EndGlobal
